
Microsoft Visual Studio Solution File, Format Version 12.00
# Visual Studio Version 17
VisualStudioVersion = 17.3.32825.248
MinimumVisualStudioVersion = 10.0.40219.1
Project("{9A19103F-16F7-4668-BE54-9A1E7A4F7556}") = "SvgToJwwConverter", "SvgToJwwConverter\SvgToJwwConverter.csproj", "{E6DC2126-12D2-4818-8383-F6090702FA24}"
EndProject
Project("{9A19103F-16F7-4668-BE54-9A1E7A4F7556}") = "SvgHelper", "SvgHelper\SvgHelper.csproj", "{36731B98-82EF-4221-B727-8F76E68691AB}"
EndProject
Global
	GlobalSection(SolutionConfigurationPlatforms) = preSolution
		Debug|Any CPU = Debug|Any CPU
		Release|Any CPU = Release|Any CPU
	EndGlobalSection
	GlobalSection(ProjectConfigurationPlatforms) = postSolution
		{E6DC2126-12D2-4818-8383-F6090702FA24}.Debug|Any CPU.ActiveCfg = Debug|Any CPU
		{E6DC2126-12D2-4818-8383-F6090702FA24}.Debug|Any CPU.Build.0 = Debug|Any CPU
		{E6DC2126-12D2-4818-8383-F6090702FA24}.Release|Any CPU.ActiveCfg = Release|Any CPU
		{E6DC2126-12D2-4818-8383-F6090702FA24}.Release|Any CPU.Build.0 = Release|Any CPU
		{36731B98-82EF-4221-B727-8F76E68691AB}.Debug|Any CPU.ActiveCfg = Debug|Any CPU
		{36731B98-82EF-4221-B727-8F76E68691AB}.Debug|Any CPU.Build.0 = Debug|Any CPU
		{36731B98-82EF-4221-B727-8F76E68691AB}.Release|Any CPU.ActiveCfg = Release|Any CPU
		{36731B98-82EF-4221-B727-8F76E68691AB}.Release|Any CPU.Build.0 = Release|Any CPU
	EndGlobalSection
	GlobalSection(SolutionProperties) = preSolution
		HideSolutionNode = FALSE
	EndGlobalSection
	GlobalSection(ExtensibilityGlobals) = postSolution
		SolutionGuid = {20F1A5CE-A282-4E64-8F3C-C2908F57D38E}
	EndGlobalSection
EndGlobal
